
Microsoft Visual Studio Solution File, Format Version 12.00
# Visual Studio Version 17
VisualStudioVersion = 17.11.35327.3
MinimumVisualStudioVersion = 10.0.40219.1
Project("{FAE04EC0-301F-11D3-BF4B-00C04F79EFBC}") = "MODMAPI", "MODMAPI\MODMAPI.csproj", "{546BCCB6-7868-48AD-AA01-6FA104783D78}"
EndProject
Global
	GlobalSection(SolutionConfigurationPlatforms) = preSolution
		Debug|Any CPU = Debug|Any CPU
		Release|Any CPU = Release|Any CPU
	EndGlobalSection
	GlobalSection(ProjectConfigurationPlatforms) = postSolution
		{546BCCB6-7868-48AD-AA01-6FA104783D78}.Debug|Any CPU.ActiveCfg = Debug|Any CPU
		{546BCCB6-7868-48AD-AA01-6FA104783D78}.Debug|Any CPU.Build.0 = Debug|Any CPU
		{546BCCB6-7868-48AD-AA01-6FA104783D78}.Release|Any CPU.ActiveCfg = Release|Any CPU
		{546BCCB6-7868-48AD-AA01-6FA104783D78}.Release|Any CPU.Build.0 = Release|Any CPU
	EndGlobalSection
	GlobalSection(SolutionProperties) = preSolution
		HideSolutionNode = FALSE
	EndGlobalSection
	GlobalSection(ExtensibilityGlobals) = postSolution
		SolutionGuid = {276E4EC9-DAE7-4089-9945-CEBDE5414484}
	EndGlobalSection
EndGlobal
